
Microsoft Visual Studio Solution File, Format Version 12.00
# Visual Studio Version 16
VisualStudioVersion = 16.0.30523.141
MinimumVisualStudioVersion = 10.0.40219.1
Project("{FAE04EC0-301F-11D3-BF4B-00C04F79EFBC}") = "ReadWriteTextFile", "ReadWriteTextFile\ReadWriteTextFile.csproj", "{FB81A137-57BB-4FDB-9838-8A95F728ED65}"
EndProject
Project("{FAE04EC0-301F-11D3-BF4B-00C04F79EFBC}") = "ReadWriteCsvFile", "ReadWriteCsvFile\ReadWriteCsvFile.csproj", "{C1764042-AFE1-46FD-8AD5-542EDD220125}"
EndProject
Project("{FAE04EC0-301F-11D3-BF4B-00C04F79EFBC}") = "SharedClassLibrary", "SharedClassLibrary\SharedClassLibrary.csproj", "{3C5E425D-EA67-4A15-93F3-F12053AE5FD2}"
EndProject
Project("{FAE04EC0-301F-11D3-BF4B-00C04F79EFBC}") = "ReadWriteXmlFile", "ReadWriteXmlFile\ReadWriteXmlFile.csproj", "{C323A852-9F50-4AC2-9479-101A08DF4A9D}"
EndProject
Project("{FAE04EC0-301F-11D3-BF4B-00C04F79EFBC}") = "ReadWriteJsonFile", "ReadWriteJsonFile\ReadWriteJsonFile.csproj", "{717C9C9B-6A7B-48B6-80D9-A1FD501DB918}"
EndProject
Project("{FAE04EC0-301F-11D3-BF4B-00C04F79EFBC}") = "ReadWriteFileUwp", "ReadWriteFileUwp\ReadWriteFileUwp.csproj", "{D94CD1CA-B168-4513-83CF-2B7368FECD31}"
EndProject
Global
	GlobalSection(SolutionConfigurationPlatforms) = preSolution
		Debug|Any CPU = Debug|Any CPU
		Debug|ARM = Debug|ARM
		Debug|ARM64 = Debug|ARM64
		Debug|x64 = Debug|x64
		Debug|x86 = Debug|x86
		Release|Any CPU = Release|Any CPU
		Release|ARM = Release|ARM
		Release|ARM64 = Release|ARM64
		Release|x64 = Release|x64
		Release|x86 = Release|x86
	EndGlobalSection
	GlobalSection(ProjectConfigurationPlatforms) = postSolution
		{FB81A137-57BB-4FDB-9838-8A95F728ED65}.Debug|Any CPU.ActiveCfg = Debug|Any CPU
		{FB81A137-57BB-4FDB-9838-8A95F728ED65}.Debug|Any CPU.Build.0 = Debug|Any CPU
		{FB81A137-57BB-4FDB-9838-8A95F728ED65}.Debug|ARM.ActiveCfg = Debug|Any CPU
		{FB81A137-57BB-4FDB-9838-8A95F728ED65}.Debug|ARM.Build.0 = Debug|Any CPU
		{FB81A137-57BB-4FDB-9838-8A95F728ED65}.Debug|ARM64.ActiveCfg = Debug|Any CPU
		{FB81A137-57BB-4FDB-9838-8A95F728ED65}.Debug|ARM64.Build.0 = Debug|Any CPU
		{FB81A137-57BB-4FDB-9838-8A95F728ED65}.Debug|x64.ActiveCfg = Debug|Any CPU
		{FB81A137-57BB-4FDB-9838-8A95F728ED65}.Debug|x64.Build.0 = Debug|Any CPU
		{FB81A137-57BB-4FDB-9838-8A95F728ED65}.Debug|x86.ActiveCfg = Debug|Any CPU
		{FB81A137-57BB-4FDB-9838-8A95F728ED65}.Debug|x86.Build.0 = Debug|Any CPU
		{FB81A137-57BB-4FDB-9838-8A95F728ED65}.Release|Any CPU.ActiveCfg = Release|Any CPU
		{FB81A137-57BB-4FDB-9838-8A95F728ED65}.Release|Any CPU.Build.0 = Release|Any CPU
		{FB81A137-57BB-4FDB-9838-8A95F728ED65}.Release|ARM.ActiveCfg = Release|Any CPU
		{FB81A137-57BB-4FDB-9838-8A95F728ED65}.Release|ARM.Build.0 = Release|Any CPU
		{FB81A137-57BB-4FDB-9838-8A95F728ED65}.Release|ARM64.ActiveCfg = Release|Any CPU
		{FB81A137-57BB-4FDB-9838-8A95F728ED65}.Release|ARM64.Build.0 = Release|Any CPU
		{FB81A137-57BB-4FDB-9838-8A95F728ED65}.Release|x64.ActiveCfg = Release|Any CPU
		{FB81A137-57BB-4FDB-9838-8A95F728ED65}.Release|x64.Build.0 = Release|Any CPU
		{FB81A137-57BB-4FDB-9838-8A95F728ED65}.Release|x86.ActiveCfg = Release|Any CPU
		{FB81A137-57BB-4FDB-9838-8A95F728ED65}.Release|x86.Build.0 = Release|Any CPU
		{C1764042-AFE1-46FD-8AD5-542EDD220125}.Debug|Any CPU.ActiveCfg = Debug|Any CPU
		{C1764042-AFE1-46FD-8AD5-542EDD220125}.Debug|Any CPU.Build.0 = Debug|Any CPU
		{C1764042-AFE1-46FD-8AD5-542EDD220125}.Debug|ARM.ActiveCfg = Debug|Any CPU
		{C1764042-AFE1-46FD-8AD5-542EDD220125}.Debug|ARM.Build.0 = Debug|Any CPU
		{C1764042-AFE1-46FD-8AD5-542EDD220125}.Debug|ARM64.ActiveCfg = Debug|Any CPU
		{C1764042-AFE1-46FD-8AD5-542EDD220125}.Debug|ARM64.Build.0 = Debug|Any CPU
		{C1764042-AFE1-46FD-8AD5-542EDD220125}.Debug|x64.ActiveCfg = Debug|Any CPU
		{C1764042-AFE1-46FD-8AD5-542EDD220125}.Debug|x64.Build.0 = Debug|Any CPU
		{C1764042-AFE1-46FD-8AD5-542EDD220125}.Debug|x86.ActiveCfg = Debug|Any CPU
		{C1764042-AFE1-46FD-8AD5-542EDD220125}.Debug|x86.Build.0 = Debug|Any CPU
		{C1764042-AFE1-46FD-8AD5-542EDD220125}.Release|Any CPU.ActiveCfg = Release|Any CPU
		{C1764042-AFE1-46FD-8AD5-542EDD220125}.Release|Any CPU.Build.0 = Release|Any CPU
		{C1764042-AFE1-46FD-8AD5-542EDD220125}.Release|ARM.ActiveCfg = Release|Any CPU
		{C1764042-AFE1-46FD-8AD5-542EDD220125}.Release|ARM.Build.0 = Release|Any CPU
		{C1764042-AFE1-46FD-8AD5-542EDD220125}.Release|ARM64.ActiveCfg = Release|Any CPU
		{C1764042-AFE1-46FD-8AD5-542EDD220125}.Release|ARM64.Build.0 = Release|Any CPU
		{C1764042-AFE1-46FD-8AD5-542EDD220125}.Release|x64.ActiveCfg = Release|Any CPU
		{C1764042-AFE1-46FD-8AD5-542EDD220125}.Release|x64.Build.0 = Release|Any CPU
		{C1764042-AFE1-46FD-8AD5-542EDD220125}.Release|x86.ActiveCfg = Release|Any CPU
		{C1764042-AFE1-46FD-8AD5-542EDD220125}.Release|x86.Build.0 = Release|Any CPU
		{3C5E425D-EA67-4A15-93F3-F12053AE5FD2}.Debug|Any CPU.ActiveCfg = Debug|Any CPU
		{3C5E425D-EA67-4A15-93F3-F12053AE5FD2}.Debug|Any CPU.Build.0 = Debug|Any CPU
		{3C5E425D-EA67-4A15-93F3-F12053AE5FD2}.Debug|ARM.ActiveCfg = Debug|Any CPU
		{3C5E425D-EA67-4A15-93F3-F12053AE5FD2}.Debug|ARM.Build.0 = Debug|Any CPU
		{3C5E425D-EA67-4A15-93F3-F12053AE5FD2}.Debug|ARM64.ActiveCfg = Debug|Any CPU
		{3C5E425D-EA67-4A15-93F3-F12053AE5FD2}.Debug|ARM64.Build.0 = Debug|Any CPU
		{3C5E425D-EA67-4A15-93F3-F12053AE5FD2}.Debug|x64.ActiveCfg = Debug|Any CPU
		{3C5E425D-EA67-4A15-93F3-F12053AE5FD2}.Debug|x64.Build.0 = Debug|Any CPU
		{3C5E425D-EA67-4A15-93F3-F12053AE5FD2}.Debug|x86.ActiveCfg = Debug|Any CPU
		{3C5E425D-EA67-4A15-93F3-F12053AE5FD2}.Debug|x86.Build.0 = Debug|Any CPU
		{3C5E425D-EA67-4A15-93F3-F12053AE5FD2}.Release|Any CPU.ActiveCfg = Release|Any CPU
		{3C5E425D-EA67-4A15-93F3-F12053AE5FD2}.Release|Any CPU.Build.0 = Release|Any CPU
		{3C5E425D-EA67-4A15-93F3-F12053AE5FD2}.Release|ARM.ActiveCfg = Release|Any CPU
		{3C5E425D-EA67-4A15-93F3-F12053AE5FD2}.Release|ARM.Build.0 = Release|Any CPU
		{3C5E425D-EA67-4A15-93F3-F12053AE5FD2}.Release|ARM64.ActiveCfg = Release|Any CPU
		{3C5E425D-EA67-4A15-93F3-F12053AE5FD2}.Release|ARM64.Build.0 = Release|Any CPU
		{3C5E425D-EA67-4A15-93F3-F12053AE5FD2}.Release|x64.ActiveCfg = Release|Any CPU
		{3C5E425D-EA67-4A15-93F3-F12053AE5FD2}.Release|x64.Build.0 = Release|Any CPU
		{3C5E425D-EA67-4A15-93F3-F12053AE5FD2}.Release|x86.ActiveCfg = Release|Any CPU
		{3C5E425D-EA67-4A15-93F3-F12053AE5FD2}.Release|x86.Build.0 = Release|Any CPU
		{C323A852-9F50-4AC2-9479-101A08DF4A9D}.Debug|Any CPU.ActiveCfg = Debug|Any CPU
		{C323A852-9F50-4AC2-9479-101A08DF4A9D}.Debug|Any CPU.Build.0 = Debug|Any CPU
		{C323A852-9F50-4AC2-9479-101A08DF4A9D}.Debug|ARM.ActiveCfg = Debug|Any CPU
		{C323A852-9F50-4AC2-9479-101A08DF4A9D}.Debug|ARM.Build.0 = Debug|Any CPU
		{C323A852-9F50-4AC2-9479-101A08DF4A9D}.Debug|ARM64.ActiveCfg = Debug|Any CPU
		{C323A852-9F50-4AC2-9479-101A08DF4A9D}.Debug|ARM64.Build.0 = Debug|Any CPU
		{C323A852-9F50-4AC2-9479-101A08DF4A9D}.Debug|x64.ActiveCfg = Debug|Any CPU
		{C323A852-9F50-4AC2-9479-101A08DF4A9D}.Debug|x64.Build.0 = Debug|Any CPU
		{C323A852-9F50-4AC2-9479-101A08DF4A9D}.Debug|x86.ActiveCfg = Debug|Any CPU
		{C323A852-9F50-4AC2-9479-101A08DF4A9D}.Debug|x86.Build.0 = Debug|Any CPU
		{C323A852-9F50-4AC2-9479-101A08DF4A9D}.Release|Any CPU.ActiveCfg = Release|Any CPU
		{C323A852-9F50-4AC2-9479-101A08DF4A9D}.Release|Any CPU.Build.0 = Release|Any CPU
		{C323A852-9F50-4AC2-9479-101A08DF4A9D}.Release|ARM.ActiveCfg = Release|Any CPU
		{C323A852-9F50-4AC2-9479-101A08DF4A9D}.Release|ARM.Build.0 = Release|Any CPU
		{C323A852-9F50-4AC2-9479-101A08DF4A9D}.Release|ARM64.ActiveCfg = Release|Any CPU
		{C323A852-9F50-4AC2-9479-101A08DF4A9D}.Release|ARM64.Build.0 = Release|Any CPU
		{C323A852-9F50-4AC2-9479-101A08DF4A9D}.Release|x64.ActiveCfg = Release|Any CPU
		{C323A852-9F50-4AC2-9479-101A08DF4A9D}.Release|x64.Build.0 = Release|Any CPU
		{C323A852-9F50-4AC2-9479-101A08DF4A9D}.Release|x86.ActiveCfg = Release|Any CPU
		{C323A852-9F50-4AC2-9479-101A08DF4A9D}.Release|x86.Build.0 = Release|Any CPU
		{717C9C9B-6A7B-48B6-80D9-A1FD501DB918}.Debug|Any CPU.ActiveCfg = Debug|Any CPU
		{717C9C9B-6A7B-48B6-80D9-A1FD501DB918}.Debug|Any CPU.Build.0 = Debug|Any CPU
		{717C9C9B-6A7B-48B6-80D9-A1FD501DB918}.Debug|ARM.ActiveCfg = Debug|Any CPU
		{717C9C9B-6A7B-48B6-80D9-A1FD501DB918}.Debug|ARM.Build.0 = Debug|Any CPU
		{717C9C9B-6A7B-48B6-80D9-A1FD501DB918}.Debug|ARM64.ActiveCfg = Debug|Any CPU
		{717C9C9B-6A7B-48B6-80D9-A1FD501DB918}.Debug|ARM64.Build.0 = Debug|Any CPU
		{717C9C9B-6A7B-48B6-80D9-A1FD501DB918}.Debug|x64.ActiveCfg = Debug|Any CPU
		{717C9C9B-6A7B-48B6-80D9-A1FD501DB918}.Debug|x64.Build.0 = Debug|Any CPU
		{717C9C9B-6A7B-48B6-80D9-A1FD501DB918}.Debug|x86.ActiveCfg = Debug|Any CPU
		{717C9C9B-6A7B-48B6-80D9-A1FD501DB918}.Debug|x86.Build.0 = Debug|Any CPU
		{717C9C9B-6A7B-48B6-80D9-A1FD501DB918}.Release|Any CPU.ActiveCfg = Release|Any CPU
		{717C9C9B-6A7B-48B6-80D9-A1FD501DB918}.Release|Any CPU.Build.0 = Release|Any CPU
		{717C9C9B-6A7B-48B6-80D9-A1FD501DB918}.Release|ARM.ActiveCfg = Release|Any CPU
		{717C9C9B-6A7B-48B6-80D9-A1FD501DB918}.Release|ARM.Build.0 = Release|Any CPU
		{717C9C9B-6A7B-48B6-80D9-A1FD501DB918}.Release|ARM64.ActiveCfg = Release|Any CPU
		{717C9C9B-6A7B-48B6-80D9-A1FD501DB918}.Release|ARM64.Build.0 = Release|Any CPU
		{717C9C9B-6A7B-48B6-80D9-A1FD501DB918}.Release|x64.ActiveCfg = Release|Any CPU
		{717C9C9B-6A7B-48B6-80D9-A1FD501DB918}.Release|x64.Build.0 = Release|Any CPU
		{717C9C9B-6A7B-48B6-80D9-A1FD501DB918}.Release|x86.ActiveCfg = Release|Any CPU
		{717C9C9B-6A7B-48B6-80D9-A1FD501DB918}.Release|x86.Build.0 = Release|Any CPU
		{D94CD1CA-B168-4513-83CF-2B7368FECD31}.Debug|Any CPU.ActiveCfg = Debug|x86
		{D94CD1CA-B168-4513-83CF-2B7368FECD31}.Debug|ARM.ActiveCfg = Debug|ARM
		{D94CD1CA-B168-4513-83CF-2B7368FECD31}.Debug|ARM.Build.0 = Debug|ARM
		{D94CD1CA-B168-4513-83CF-2B7368FECD31}.Debug|ARM.Deploy.0 = Debug|ARM
		{D94CD1CA-B168-4513-83CF-2B7368FECD31}.Debug|ARM64.ActiveCfg = Debug|ARM64
		{D94CD1CA-B168-4513-83CF-2B7368FECD31}.Debug|ARM64.Build.0 = Debug|ARM64
		{D94CD1CA-B168-4513-83CF-2B7368FECD31}.Debug|ARM64.Deploy.0 = Debug|ARM64
		{D94CD1CA-B168-4513-83CF-2B7368FECD31}.Debug|x64.ActiveCfg = Debug|x64
		{D94CD1CA-B168-4513-83CF-2B7368FECD31}.Debug|x64.Build.0 = Debug|x64
		{D94CD1CA-B168-4513-83CF-2B7368FECD31}.Debug|x64.Deploy.0 = Debug|x64
		{D94CD1CA-B168-4513-83CF-2B7368FECD31}.Debug|x86.ActiveCfg = Debug|x86
		{D94CD1CA-B168-4513-83CF-2B7368FECD31}.Debug|x86.Build.0 = Debug|x86
		{D94CD1CA-B168-4513-83CF-2B7368FECD31}.Debug|x86.Deploy.0 = Debug|x86
		{D94CD1CA-B168-4513-83CF-2B7368FECD31}.Release|Any CPU.ActiveCfg = Release|x86
		{D94CD1CA-B168-4513-83CF-2B7368FECD31}.Release|ARM.ActiveCfg = Release|ARM
		{D94CD1CA-B168-4513-83CF-2B7368FECD31}.Release|ARM.Build.0 = Release|ARM
		{D94CD1CA-B168-4513-83CF-2B7368FECD31}.Release|ARM.Deploy.0 = Release|ARM
		{D94CD1CA-B168-4513-83CF-2B7368FECD31}.Release|ARM64.ActiveCfg = Release|ARM64
		{D94CD1CA-B168-4513-83CF-2B7368FECD31}.Release|ARM64.Build.0 = Release|ARM64
		{D94CD1CA-B168-4513-83CF-2B7368FECD31}.Release|ARM64.Deploy.0 = Release|ARM64
		{D94CD1CA-B168-4513-83CF-2B7368FECD31}.Release|x64.ActiveCfg = Release|x64
		{D94CD1CA-B168-4513-83CF-2B7368FECD31}.Release|x64.Build.0 = Release|x64
		{D94CD1CA-B168-4513-83CF-2B7368FECD31}.Release|x64.Deploy.0 = Release|x64
		{D94CD1CA-B168-4513-83CF-2B7368FECD31}.Release|x86.ActiveCfg = Release|x86
		{D94CD1CA-B168-4513-83CF-2B7368FECD31}.Release|x86.Build.0 = Release|x86
		{D94CD1CA-B168-4513-83CF-2B7368FECD31}.Release|x86.Deploy.0 = Release|x86
	EndGlobalSection
	GlobalSection(SolutionProperties) = preSolution
		HideSolutionNode = FALSE
	EndGlobalSection
	GlobalSection(ExtensibilityGlobals) = postSolution
		SolutionGuid = {2F18EF9E-C9BA-4392-8A34-E19F4D3E5768}
	EndGlobalSection
EndGlobal
